// !$*UTF8*$!
{
	archiveVersion = 1;
	classes = {
	};
	objectVersion = 77;
	objects = {

/* Begin PBXContainerItemProxy section */
		0ADAC9BC2D5E0F9300A59E39 /* PBXContainerItemProxy */ = {
			isa = PBXContainerItemProxy;
			containerPortal = 0ADAC99D2D5E0F9100A59E39 /* Project object */;
			proxyType = 1;
			remoteGlobalIDString = 0ADAC9A42D5E0F9100A59E39;
			remoteInfo = Lesson_11;
		};
		0ADAC9C62D5E0F9300A59E39 /* PBXContainerItemProxy */ = {
			isa = PBXContainerItemProxy;
			containerPortal = 0ADAC99D2D5E0F9100A59E39 /* Project object */;
			proxyType = 1;
			remoteGlobalIDString = 0ADAC9A42D5E0F9100A59E39;
			remoteInfo = Lesson_11;
		};
/* End PBXContainerItemProxy section */

/* Begin PBXFileReference section */
		0ADAC9A52D5E0F9100A59E39 /* Lesson_11.app */ = {isa = PBXFileReference; explicitFileType = wrapper.application; includeInIndex = 0; path = Lesson_11.app; sourceTree = BUILT_PRODUCTS_DIR; };
		0ADAC9BB2D5E0F9300A59E39 /* Lesson_11Tests.xctest */ = {isa = PBXFileReference; explicitFileType = wrapper.cfbundle; includeInIndex = 0; path = Lesson_11Tests.xctest; sourceTree = BUILT_PRODUCTS_DIR; };
		0ADAC9C52D5E0F9300A59E39 /* Lesson_11UITests.xctest */ = {isa = PBXFileReference; explicitFileType = wrapper.cfbundle; includeInIndex = 0; path = Lesson_11UITests.xctest; sourceTree = BUILT_PRODUCTS_DIR; };
/* End PBXFileReference section */

/* Begin PBXFileSystemSynchronizedBuildFileExceptionSet section */
		0ADAC9CD2D5E0F9300A59E39 /* Exceptions for "Lesson_11" folder in "Lesson_11" target */ = {
			isa = PBXFileSystemSynchronizedBuildFileExceptionSet;
			membershipExceptions = (
				Info.plist,
			);
			target = 0ADAC9A42D5E0F9100A59E39 /* Lesson_11 */;
		};
/* End PBXFileSystemSynchronizedBuildFileExceptionSet section */

/* Begin PBXFileSystemSynchronizedRootGroup section */
		0ADAC9A72D5E0F9100A59E39 /* Lesson_11 */ = {
			isa = PBXFileSystemSynchronizedRootGroup;
			exceptions = (
				0ADAC9CD2D5E0F9300A59E39 /* Exceptions for "Lesson_11" folder in "Lesson_11" target */,
			);
			path = Lesson_11;
			sourceTree = "<group>";
		};
		0ADAC9BE2D5E0F9300A59E39 /* Lesson_11Tests */ = {
			isa = PBXFileSystemSynchronizedRootGroup;
			path = Lesson_11Tests;
			sourceTree = "<group>";
		};
		0ADAC9C82D5E0F9300A59E39 /* Lesson_11UITests */ = {
			isa = PBXFileSystemSynchronizedRootGroup;
			path = Lesson_11UITests;
			sourceTree = "<group>";
		};
/* End PBXFileSystemSynchronizedRootGroup section */

/* Begin PBXFrameworksBuildPhase section */
		0ADAC9A22D5E0F9100A59E39 /* Frameworks */ = {
			isa = PBXFrameworksBuildPhase;
			buildActionMask = 2147483647;
			files = (
			);
			runOnlyForDeploymentPostprocessing = 0;
		};
		0ADAC9B82D5E0F9300A59E39 /* Frameworks */ = {
			isa = PBXFrameworksBuildPhase;
			buildActionMask = 2147483647;
			files = (
			);
			runOnlyForDeploymentPostprocessing = 0;
		};
		0ADAC9C22D5E0F9300A59E39 /* Frameworks */ = {
			isa = PBXFrameworksBuildPhase;
			buildActionMask = 2147483647;
			files = (
			);
			runOnlyForDeploymentPostprocessing = 0;
		};
/* End PBXFrameworksBuildPhase section */

/* Begin PBXGroup section */
		0ADAC99C2D5E0F9100A59E39 = {
			isa = PBXGroup;
			children = (
				0ADAC9A72D5E0F9100A59E39 /* Lesson_11 */,
				0ADAC9BE2D5E0F9300A59E39 /* Lesson_11Tests */,
				0ADAC9C82D5E0F9300A59E39 /* Lesson_11UITests */,
				0ADAC9A62D5E0F9100A59E39 /* Products */,
			);
			sourceTree = "<group>";
		};
		0ADAC9A62D5E0F9100A59E39 /* Products */ = {
			isa = PBXGroup;
			children = (
				0ADAC9A52D5E0F9100A59E39 /* Lesson_11.app */,
				0ADAC9BB2D5E0F9300A59E39 /* Lesson_11Tests.xctest */,
				0ADAC9C52D5E0F9300A59E39 /* Lesson_11UITests.xctest */,
			);
			name = Products;
			sourceTree = "<group>";
		};
/* End PBXGroup section */

/* Begin PBXNativeTarget section */
		0ADAC9A42D5E0F9100A59E39 /* Lesson_11 */ = {
			isa = PBXNativeTarget;
			buildConfigurationList = 0ADAC9CE2D5E0F9300A59E39 /* Build configuration list for PBXNativeTarget "Lesson_11" */;
			buildPhases = (
				0ADAC9A12D5E0F9100A59E39 /* Sources */,
				0ADAC9A22D5E0F9100A59E39 /* Frameworks */,
				0ADAC9A32D5E0F9100A59E39 /* Resources */,
			);
			buildRules = (
			);
			dependencies = (
			);
			fileSystemSynchronizedGroups = (
				0ADAC9A72D5E0F9100A59E39 /* Lesson_11 */,
			);
			name = Lesson_11;
			packageProductDependencies = (
			);
			productName = Lesson_11;
			productReference = 0ADAC9A52D5E0F9100A59E39 /* Lesson_11.app */;
			productType = "com.apple.product-type.application";
		};
		0ADAC9BA2D5E0F9300A59E39 /* Lesson_11Tests */ = {
			isa = PBXNativeTarget;
			buildConfigurationList = 0ADAC9D32D5E0F9300A59E39 /* Build configuration list for PBXNativeTarget "Lesson_11Tests" */;
			buildPhases = (
				0ADAC9B72D5E0F9300A59E39 /* Sources */,
				0ADAC9B82D5E0F9300A59E39 /* Frameworks */,
				0ADAC9B92D5E0F9300A59E39 /* Resources */,
			);
			buildRules = (
			);
			dependencies = (
				0ADAC9BD2D5E0F9300A59E39 /* PBXTargetDependency */,
			);
			fileSystemSynchronizedGroups = (
				0ADAC9BE2D5E0F9300A59E39 /* Lesson_11Tests */,
			);
			name = Lesson_11Tests;
			packageProductDependencies = (
			);
			productName = Lesson_11Tests;
			productReference = 0ADAC9BB2D5E0F9300A59E39 /* Lesson_11Tests.xctest */;
			productType = "com.apple.product-type.bundle.unit-test";
		};
		0ADAC9C42D5E0F9300A59E39 /* Lesson_11UITests */ = {
			isa = PBXNativeTarget;
			buildConfigurationList = 0ADAC9D62D5E0F9300A59E39 /* Build configuration list for PBXNativeTarget "Lesson_11UITests" */;
			buildPhases = (
				0ADAC9C12D5E0F9300A59E39 /* Sources */,
				0ADAC9C22D5E0F9300A59E39 /* Frameworks */,
				0ADAC9C32D5E0F9300A59E39 /* Resources */,
			);
			buildRules = (
			);
			dependencies = (
				0ADAC9C72D5E0F9300A59E39 /* PBXTargetDependency */,
			);
			fileSystemSynchronizedGroups = (
				0ADAC9C82D5E0F9300A59E39 /* Lesson_11UITests */,
			);
			name = Lesson_11UITests;
			packageProductDependencies = (
			);
			productName = Lesson_11UITests;
			productReference = 0ADAC9C52D5E0F9300A59E39 /* Lesson_11UITests.xctest */;
			productType = "com.apple.product-type.bundle.ui-testing";
		};
/* End PBXNativeTarget section */

/* Begin PBXProject section */
		0ADAC99D2D5E0F9100A59E39 /* Project object */ = {
			isa = PBXProject;
			attributes = {
				BuildIndependentTargetsInParallel = 1;
				LastSwiftUpdateCheck = 1620;
				LastUpgradeCheck = 1620;
				TargetAttributes = {
					0ADAC9A42D5E0F9100A59E39 = {
						CreatedOnToolsVersion = 16.2;
					};
					0ADAC9BA2D5E0F9300A59E39 = {
						CreatedOnToolsVersion = 16.2;
						TestTargetID = 0ADAC9A42D5E0F9100A59E39;
					};
					0ADAC9C42D5E0F9300A59E39 = {
						CreatedOnToolsVersion = 16.2;
						TestTargetID = 0ADAC9A42D5E0F9100A59E39;
					};
				};
			};
			buildConfigurationList = 0ADAC9A02D5E0F9100A59E39 /* Build configuration list for PBXProject "Lesson_11" */;
			developmentRegion = en;
			hasScannedForEncodings = 0;
			knownRegions = (
				en,
				Base,
			);
			mainGroup = 0ADAC99C2D5E0F9100A59E39;
			minimizedProjectReferenceProxies = 1;
			preferredProjectObjectVersion = 77;
			productRefGroup = 0ADAC9A62D5E0F9100A59E39 /* Products */;
			projectDirPath = "";
			projectRoot = "";
			targets = (
				0ADAC9A42D5E0F9100A59E39 /* Lesson_11 */,
				0ADAC9BA2D5E0F9300A59E39 /* Lesson_11Tests */,
				0ADAC9C42D5E0F9300A59E39 /* Lesson_11UITests */,
			);
		};
/* End PBXProject section */

/* Begin PBXResourcesBuildPhase section */
		0ADAC9A32D5E0F9100A59E39 /* Resources */ = {
			isa = PBXResourcesBuildPhase;
			buildActionMask = 2147483647;
			files = (
			);
			runOnlyForDeploymentPostprocessing = 0;
		};
		0ADAC9B92D5E0F9300A59E39 /* Resources */ = {
			isa = PBXResourcesBuildPhase;
			buildActionMask = 2147483647;
			files = (
			);
			runOnlyForDeploymentPostprocessing = 0;
		};
		0ADAC9C32D5E0F9300A59E39 /* Resources */ = {
			isa = PBXResourcesBuildPhase;
			buildActionMask = 2147483647;
			files = (
			);
			runOnlyForDeploymentPostprocessing = 0;
		};
/* End PBXResourcesBuildPhase section */

/* Begin PBXSourcesBuildPhase section */
		0ADAC9A12D5E0F9100A59E39 /* Sources */ = {
			isa = PBXSourcesBuildPhase;
			buildActionMask = 2147483647;
			files = (
			);
			runOnlyForDeploymentPostprocessing = 0;
		};
		0ADAC9B72D5E0F9300A59E39 /* Sources */ = {
			isa = PBXSourcesBuildPhase;
			buildActionMask = 2147483647;
			files = (
			);
			runOnlyForDeploymentPostprocessing = 0;
		};
		0ADAC9C12D5E0F9300A59E39 /* Sources */ = {
			isa = PBXSourcesBuildPhase;
			buildActionMask = 2147483647;
			files = (
			);
			runOnlyForDeploymentPostprocessing = 0;
		};
/* End PBXSourcesBuildPhase section */

/* Begin PBXTargetDependency section */
		0ADAC9BD2D5E0F9300A59E39 /* PBXTargetDependency */ = {
			isa = PBXTargetDependency;
			target = 0ADAC9A42D5E0F9100A59E39 /* Lesson_11 */;
			targetProxy = 0ADAC9BC2D5E0F9300A59E39 /* PBXContainerItemProxy */;
		};
		0ADAC9C72D5E0F9300A59E39 /* PBXTargetDependency */ = {
			isa = PBXTargetDependency;
			target = 0ADAC9A42D5E0F9100A59E39 /* Lesson_11 */;
			targetProxy = 0ADAC9C62D5E0F9300A59E39 /* PBXContainerItemProxy */;
		};
/* End PBXTargetDependency section */

/* Begin XCBuildConfiguration section */
		0ADAC9CF2D5E0F9300A59E39 /* Debug */ = {
			isa = XCBuildConfiguration;
			buildSettings = {
				ASSETCATALOG_COMPILER_APPICON_NAME = AppIcon;
				ASSETCATALOG_COMPILER_GLOBAL_ACCENT_COLOR_NAME = AccentColor;
				CODE_SIGN_STYLE = Automatic;
				CURRENT_PROJECT_VERSION = 1;
				GENERATE_INFOPLIST_FILE = YES;
				INFOPLIST_FILE = Lesson_11/Info.plist;
				INFOPLIST_KEY_UIApplicationSupportsIndirectInputEvents = YES;
				INFOPLIST_KEY_UILaunchStoryboardName = LaunchScreen;
				INFOPLIST_KEY_UIMainStoryboardFile = Main;
				INFOPLIST_KEY_UISupportedInterfaceOrientations = UIInterfaceOrientationPortrait;
				INFOPLIST_KEY_UISupportedInterfaceOrientations_iPad = "UIInterfaceOrientationLandscapeLeft UIInterfaceOrientationLandscapeRight UIInterfaceOrientationPortrait UIInterfaceOrientationPortraitUpsideDown";
				IPHONEOS_DEPLOYMENT_TARGET = 18.2;
				LD_RUNPATH_SEARCH_PATHS = (
					"$(inherited)",
					"@executable_path/Frameworks",
				);
				MARKETING_VERSION = 1.0;
				PRODUCT_BUNDLE_IDENTIFIER = "skydanenko.Lesson-11";
				PRODUCT_NAME = "$(TARGET_NAME)";
				SUPPORTED_PLATFORMS = "iphoneos iphonesimulator";
				SUPPORTS_MACCATALYST = NO;
				SUPPORTS_MAC_DESIGNED_FOR_IPHONE_IPAD = NO;
				SUPPORTS_XR_DESIGNED_FOR_IPHONE_IPAD = NO;
				SWIFT_EMIT_LOC_STRINGS = YES;
				SWIFT_VERSION = 5.0;
				TARGETED_DEVICE_FAMILY = 1;
			};
			name = Debug;
		};
		0ADAC9D02D5E0F9300A59E39 /* Release */ = {
			isa = XCBuildConfiguration;
			buildSettings = {
				ASSETCATALOG_COMPILER_APPICON_NAME = AppIcon;
				ASSETCATALOG_COMPILER_GLOBAL_ACCENT_COLOR_NAME = AccentColor;
				CODE_SIGN_STYLE = Automatic;
				CURRENT_PROJECT_VERSION = 1;
				GENERATE_INFOPLIST_FILE = YES;
				INFOPLIST_FILE = Lesson_11/Info.plist;
				INFOPLIST_KEY_UIApplicationSupportsIndirectInputEvents = YES;
				INFOPLIST_KEY_UILaunchStoryboardName = LaunchScreen;
				INFOPLIST_KEY_UIMainStoryboardFile = Main;
				INFOPLIST_KEY_UISupportedInterfaceOrientations = UIInterfaceOrientationPortrait;
				INFOPLIST_KEY_UISupportedInterfaceOrientations_iPad = "UIInterfaceOrientationLandscapeLeft UIInterfaceOrientationLandscapeRight UIInterfaceOrientationPortrait UIInterfaceOrientationPortraitUpsideDown";
				IPHONEOS_DEPLOYMENT_TARGET = 18.2;
				LD_RUNPATH_SEARCH_PATHS = (
					"$(inherited)",
					"@executable_path/Frameworks",
				);
				MARKETING_VERSION = 1.0;
				PRODUCT_BUNDLE_IDENTIFIER = "skydanenko.Lesson-11";
				PRODUCT_NAME = "$(TARGET_NAME)";
				SUPPORTED_PLATFORMS = "iphoneos iphonesimulator";
				SUPPORTS_MACCATALYST = NO;
				SUPPORTS_MAC_DESIGNED_FOR_IPHONE_IPAD = NO;
				SUPPORTS_XR_DESIGNED_FOR_IPHONE_IPAD = NO;
				SWIFT_EMIT_LOC_STRINGS = YES;
				SWIFT_VERSION = 5.0;
				TARGETED_DEVICE_FAMILY = 1;
			};
			name = Release;
		};
		0ADAC9D12D5E0F9300A59E39 /* Debug */ = {
			isa = XCBuildConfiguration;
			buildSettings = {
				ALWAYS_SEARCH_USER_PATHS = NO;
				ASSETCATALOG_COMPILER_GENERATE_SWIFT_ASSET_SYMBOL_EXTENSIONS = YES;
				CLANG_ANALYZER_NONNULL = YES;
				CLANG_ANALYZER_NUMBER_OBJECT_CONVERSION = YES_AGGRESSIVE;
				CLANG_CXX_LANGUAGE_STANDARD = "gnu++20";
				CLANG_ENABLE_MODULES = YES;
				CLANG_ENABLE_OBJC_ARC = YES;
				CLANG_ENABLE_OBJC_WEAK = YES;
				CLANG_WARN_BLOCK_CAPTURE_AUTORELEASING = YES;
				CLANG_WARN_BOOL_CONVERSION = YES;
				CLANG_WARN_COMMA = YES;
				CLANG_WARN_CONSTANT_CONVERSION = YES;
				CLANG_WARN_DEPRECATED_OBJC_IMPLEMENTATIONS = YES;
				CLANG_WARN_DIRECT_OBJC_ISA_USAGE = YES_ERROR;
				CLANG_WARN_DOCUMENTATION_COMMENTS = YES;
				CLANG_WARN_EMPTY_BODY = YES;
				CLANG_WARN_ENUM_CONVERSION = YES;
				CLANG_WARN_INFINITE_RECURSION = YES;
				CLANG_WARN_INT_CONVERSION = YES;
				CLANG_WARN_NON_LITERAL_NULL_CONVERSION = YES;
				CLANG_WARN_OBJC_IMPLICIT_RETAIN_SELF = YES;
				CLANG_WARN_OBJC_LITERAL_CONVERSION = YES;
				CLANG_WARN_OBJC_ROOT_CLASS = YES_ERROR;
				CLANG_WARN_QUOTED_INCLUDE_IN_FRAMEWORK_HEADER = YES;
				CLANG_WARN_RANGE_LOOP_ANALYSIS = YES;
				CLANG_WARN_STRICT_PROTOTYPES = YES;
				CLANG_WARN_SUSPICIOUS_MOVE = YES;
				CLANG_WARN_UNGUARDED_AVAILABILITY = YES_AGGRESSIVE;
				CLANG_WARN_UNREACHABLE_CODE = YES;
				CLANG_WARN__DUPLICATE_METHOD_MATCH = YES;
				COPY_PHASE_STRIP = NO;
				DEBUG_INFORMATION_FORMAT = dwarf;
				ENABLE_STRICT_OBJC_MSGSEND = YES;
				ENABLE_TESTABILITY = YES;
				ENABLE_USER_SCRIPT_SANDBOXING = YES;
				GCC_C_LANGUAGE_STANDARD = gnu17;
				GCC_DYNAMIC_NO_PIC = NO;
				GCC_NO_COMMON_BLOCKS = YES;
				GCC_OPTIMIZATION_LEVEL = 0;
				GCC_PREPROCESSOR_DEFINITIONS = (
					"DEBUG=1",
					"$(inherited)",
				);
				GCC_WARN_64_TO_32_BIT_CONVERSION = YES;
				GCC_WARN_ABOUT_RETURN_TYPE = YES_ERROR;
				GCC_WARN_UNDECLARED_SELECTOR = YES;
				GCC_WARN_UNINITIALIZED_AUTOS = YES_AGGRESSIVE;
				GCC_WARN_UNUSED_FUNCTION = YES;
				GCC_WARN_UNUSED_VARIABLE = YES;
				IPHONEOS_DEPLOYMENT_TARGET = 18.2;
				LOCALIZATION_PREFERS_STRING_CATALOGS = YES;
				MTL_ENABLE_DEBUG_INFO = INCLUDE_SOURCE;
				MTL_FAST_MATH = YES;
				ONLY_ACTIVE_ARCH = YES;
				SDKROOT = iphoneos;
				SWIFT_ACTIVE_COMPILATION_CONDITIONS = "DEBUG $(inherited)";
				SWIFT_OPTIMIZATION_LEVEL = "-Onone";
			};
			name = Debug;
		};
		0ADAC9D22D5E0F9300A59E39 /* Release */ = {
			isa = XCBuildConfiguration;
			buildSettings = {
				ALWAYS_SEARCH_USER_PATHS = NO;
				ASSETCATALOG_COMPILER_GENERATE_SWIFT_ASSET_SYMBOL_EXTENSIONS = YES;
				CLANG_ANALYZER_NONNULL = YES;
				CLANG_ANALYZER_NUMBER_OBJECT_CONVERSION = YES_AGGRESSIVE;
				CLANG_CXX_LANGUAGE_STANDARD = "gnu++20";
				CLANG_ENABLE_MODULES = YES;
				CLANG_ENABLE_OBJC_ARC = YES;
				CLANG_ENABLE_OBJC_WEAK = YES;
				CLANG_WARN_BLOCK_CAPTURE_AUTORELEASING = YES;
				CLANG_WARN_BOOL_CONVERSION = YES;
				CLANG_WARN_COMMA = YES;
				CLANG_WARN_CONSTANT_CONVERSION = YES;
				CLANG_WARN_DEPRECATED_OBJC_IMPLEMENTATIONS = YES;
				CLANG_WARN_DIRECT_OBJC_ISA_USAGE = YES_ERROR;
				CLANG_WARN_DOCUMENTATION_COMMENTS = YES;
				CLANG_WARN_EMPTY_BODY = YES;
				CLANG_WARN_ENUM_CONVERSION = YES;
				CLANG_WARN_INFINITE_RECURSION = YES;
				CLANG_WARN_INT_CONVERSION = YES;
				CLANG_WARN_NON_LITERAL_NULL_CONVERSION = YES;
				CLANG_WARN_OBJC_IMPLICIT_RETAIN_SELF = YES;
				CLANG_WARN_OBJC_LITERAL_CONVERSION = YES;
				CLANG_WARN_OBJC_ROOT_CLASS = YES_ERROR;
				CLANG_WARN_QUOTED_INCLUDE_IN_FRAMEWORK_HEADER = YES;
				CLANG_WARN_RANGE_LOOP_ANALYSIS = YES;
				CLANG_WARN_STRICT_PROTOTYPES = YES;
				CLANG_WARN_SUSPICIOUS_MOVE = YES;
				CLANG_WARN_UNGUARDED_AVAILABILITY = YES_AGGRESSIVE;
				CLANG_WARN_UNREACHABLE_CODE = YES;
				CLANG_WARN__DUPLICATE_METHOD_MATCH = YES;
				COPY_PHASE_STRIP = NO;
				DEBUG_INFORMATION_FORMAT = "dwarf-with-dsym";
				ENABLE_NS_ASSERTIONS = NO;
				ENABLE_STRICT_OBJC_MSGSEND = YES;
				ENABLE_USER_SCRIPT_SANDBOXING = YES;
				GCC_C_LANGUAGE_STANDARD = gnu17;
				GCC_NO_COMMON_BLOCKS = YES;
				GCC_WARN_64_TO_32_BIT_CONVERSION = YES;
				GCC_WARN_ABOUT_RETURN_TYPE = YES_ERROR;
				GCC_WARN_UNDECLARED_SELECTOR = YES;
				GCC_WARN_UNINITIALIZED_AUTOS = YES_AGGRESSIVE;
				GCC_WARN_UNUSED_FUNCTION = YES;
				GCC_WARN_UNUSED_VARIABLE = YES;
				IPHONEOS_DEPLOYMENT_TARGET = 18.2;
				LOCALIZATION_PREFERS_STRING_CATALOGS = YES;
				MTL_ENABLE_DEBUG_INFO = NO;
				MTL_FAST_MATH = YES;
				SDKROOT = iphoneos;
				SWIFT_COMPILATION_MODE = wholemodule;
				VALIDATE_PRODUCT = YES;
			};
			name = Release;
		};
		0ADAC9D42D5E0F9300A59E39 /* Debug */ = {
			isa = XCBuildConfiguration;
			buildSettings = {
				BUNDLE_LOADER = "$(TEST_HOST)";
				CODE_SIGN_STYLE = Automatic;
				CURRENT_PROJECT_VERSION = 1;
				GENERATE_INFOPLIST_FILE = YES;
				IPHONEOS_DEPLOYMENT_TARGET = 18.2;
				MARKETING_VERSION = 1.0;
				PRODUCT_BUNDLE_IDENTIFIER = "skydanenko.Lesson-11Tests";
				PRODUCT_NAME = "$(TARGET_NAME)";
				SWIFT_EMIT_LOC_STRINGS = NO;
				SWIFT_VERSION = 5.0;
				TARGETED_DEVICE_FAMILY = "1,2";
				TEST_HOST = "$(BUILT_PRODUCTS_DIR)/Lesson_11.app/$(BUNDLE_EXECUTABLE_FOLDER_PATH)/Lesson_11";
			};
			name = Debug;
		};
		0ADAC9D52D5E0F9300A59E39 /* Release */ = {
			isa = XCBuildConfiguration;
			buildSettings = {
				BUNDLE_LOADER = "$(TEST_HOST)";
				CODE_SIGN_STYLE = Automatic;
				CURRENT_PROJECT_VERSION = 1;
				GENERATE_INFOPLIST_FILE = YES;
				IPHONEOS_DEPLOYMENT_TARGET = 18.2;
				MARKETING_VERSION = 1.0;
				PRODUCT_BUNDLE_IDENTIFIER = "skydanenko.Lesson-11Tests";
				PRODUCT_NAME = "$(TARGET_NAME)";
				SWIFT_EMIT_LOC_STRINGS = NO;
				SWIFT_VERSION = 5.0;
				TARGETED_DEVICE_FAMILY = "1,2";
				TEST_HOST = "$(BUILT_PRODUCTS_DIR)/Lesson_11.app/$(BUNDLE_EXECUTABLE_FOLDER_PATH)/Lesson_11";
			};
			name = Release;
		};
		0ADAC9D72D5E0F9300A59E39 /* Debug */ = {
			isa = XCBuildConfiguration;
			buildSettings = {
				CODE_SIGN_STYLE = Automatic;
				CURRENT_PROJECT_VERSION = 1;
				GENERATE_INFOPLIST_FILE = YES;
				MARKETING_VERSION = 1.0;
				PRODUCT_BUNDLE_IDENTIFIER = "skydanenko.Lesson-11UITests";
				PRODUCT_NAME = "$(TARGET_NAME)";
				SWIFT_EMIT_LOC_STRINGS = NO;
				SWIFT_VERSION = 5.0;
				TARGETED_DEVICE_FAMILY = "1,2";
				TEST_TARGET_NAME = Lesson_11;
			};
			name = Debug;
		};
		0ADAC9D82D5E0F9300A59E39 /* Release */ = {
			isa = XCBuildConfiguration;
			buildSettings = {
				CODE_SIGN_STYLE = Automatic;
				CURRENT_PROJECT_VERSION = 1;
				GENERATE_INFOPLIST_FILE = YES;
				MARKETING_VERSION = 1.0;
				PRODUCT_BUNDLE_IDENTIFIER = "skydanenko.Lesson-11UITests";
				PRODUCT_NAME = "$(TARGET_NAME)";
				SWIFT_EMIT_LOC_STRINGS = NO;
				SWIFT_VERSION = 5.0;
				TARGETED_DEVICE_FAMILY = "1,2";
				TEST_TARGET_NAME = Lesson_11;
			};
			name = Release;
		};
/* End XCBuildConfiguration section */

/* Begin XCConfigurationList section */
		0ADAC9A02D5E0F9100A59E39 /* Build configuration list for PBXProject "Lesson_11" */ = {
			isa = XCConfigurationList;
			buildConfigurations = (
				0ADAC9D12D5E0F9300A59E39 /* Debug */,
				0ADAC9D22D5E0F9300A59E39 /* Release */,
			);
			defaultConfigurationIsVisible = 0;
			defaultConfigurationName = Release;
		};
		0ADAC9CE2D5E0F9300A59E39 /* Build configuration list for PBXNativeTarget "Lesson_11" */ = {
			isa = XCConfigurationList;
			buildConfigurations = (
				0ADAC9CF2D5E0F9300A59E39 /* Debug */,
				0ADAC9D02D5E0F9300A59E39 /* Release */,
			);
			defaultConfigurationIsVisible = 0;
			defaultConfigurationName = Release;
		};
		0ADAC9D32D5E0F9300A59E39 /* Build configuration list for PBXNativeTarget "Lesson_11Tests" */ = {
			isa = XCConfigurationList;
			buildConfigurations = (
				0ADAC9D42D5E0F9300A59E39 /* Debug */,
				0ADAC9D52D5E0F9300A59E39 /* Release */,
			);
			defaultConfigurationIsVisible = 0;
			defaultConfigurationName = Release;
		};
		0ADAC9D62D5E0F9300A59E39 /* Build configuration list for PBXNativeTarget "Lesson_11UITests" */ = {
			isa = XCConfigurationList;
			buildConfigurations = (
				0ADAC9D72D5E0F9300A59E39 /* Debug */,
				0ADAC9D82D5E0F9300A59E39 /* Release */,
			);
			defaultConfigurationIsVisible = 0;
			defaultConfigurationName = Release;
		};
/* End XCConfigurationList section */
	};
	rootObject = 0ADAC99D2D5E0F9100A59E39 /* Project object */;
}
